// !$*UTF8*$!
{
	archiveVersion = 1;
	classes = {
	};
	objectVersion = 46;
	objects = {

/* Begin PBXBuildFile section */
		F75E12511C8927C1003C9A99 /* main.m in Sources */ = {isa = PBXBuildFile; fileRef = F75E12501C8927C1003C9A99 /* main.m */; };
		F75E12541C8927C1003C9A99 /* AppDelegate.m in Sources */ = {isa = PBXBuildFile; fileRef = F75E12531C8927C1003C9A99 /* AppDelegate.m */; };
		F75E12571C8927C1003C9A99 /* ViewController.m in Sources */ = {isa = PBXBuildFile; fileRef = F75E12561C8927C1003C9A99 /* ViewController.m */; };
		F75E125A1C8927C1003C9A99 /* Main.storyboard in Resources */ = {isa = PBXBuildFile; fileRef = F75E12581C8927C1003C9A99 /* Main.storyboard */; };
		F75E125C1C8927C1003C9A99 /* Assets.xcassets in Resources */ = {isa = PBXBuildFile; fileRef = F75E125B1C8927C1003C9A99 /* Assets.xcassets */; };
		F75E125F1C8927C1003C9A99 /* LaunchScreen.storyboard in Resources */ = {isa = PBXBuildFile; fileRef = F75E125D1C8927C1003C9A99 /* LaunchScreen.storyboard */; };
		F75E12681C89281A003C9A99 /* WMYPickerView.m in Sources */ = {isa = PBXBuildFile; fileRef = F75E12671C89281A003C9A99 /* WMYPickerView.m */; };
/* End PBXBuildFile section */

/* Begin PBXFileReference section */
		F75E124C1C8927C1003C9A99 /* WMYPickerView.app */ = {isa = PBXFileReference; explicitFileType = wrapper.application; includeInIndex = 0; path = WMYPickerView.app; sourceTree = BUILT_PRODUCTS_DIR; };
		F75E12501C8927C1003C9A99 /* main.m */ = {isa = PBXFileReference; lastKnownFileType = sourcecode.c.objc; path = main.m; sourceTree = "<group>"; };
		F75E12521C8927C1003C9A99 /* AppDelegate.h */ = {isa = PBXFileReference; lastKnownFileType = sourcecode.c.h; path = AppDelegate.h; sourceTree = "<group>"; };
		F75E12531C8927C1003C9A99 /* AppDelegate.m */ = {isa = PBXFileReference; lastKnownFileType = sourcecode.c.objc; path = AppDelegate.m; sourceTree = "<group>"; };
		F75E12551C8927C1003C9A99 /* ViewController.h */ = {isa = PBXFileReference; lastKnownFileType = sourcecode.c.h; path = ViewController.h; sourceTree = "<group>"; };
		F75E12561C8927C1003C9A99 /* ViewController.m */ = {isa = PBXFileReference; lastKnownFileType = sourcecode.c.objc; path = ViewController.m; sourceTree = "<group>"; };
		F75E12591C8927C1003C9A99 /* Base */ = {isa = PBXFileReference; lastKnownFileType = file.storyboard; name = Base; path = Base.lproj/Main.storyboard; sourceTree = "<group>"; };
		F75E125B1C8927C1003C9A99 /* Assets.xcassets */ = {isa = PBXFileReference; lastKnownFileType = folder.assetcatalog; path = Assets.xcassets; sourceTree = "<group>"; };
		F75E125E1C8927C1003C9A99 /* Base */ = {isa = PBXFileReference; lastKnownFileType = file.storyboard; name = Base; path = Base.lproj/LaunchScreen.storyboard; sourceTree = "<group>"; };
		F75E12601C8927C1003C9A99 /* Info.plist */ = {isa = PBXFileReference; lastKnownFileType = text.plist.xml; path = Info.plist; sourceTree = "<group>"; };
		F75E12661C89281A003C9A99 /* WMYPickerView.h */ = {isa = PBXFileReference; fileEncoding = 4; lastKnownFileType = sourcecode.c.h; path = WMYPickerView.h; sourceTree = "<group>"; };
		F75E12671C89281A003C9A99 /* WMYPickerView.m */ = {isa = PBXFileReference; fileEncoding = 4; lastKnownFileType = sourcecode.c.objc; path = WMYPickerView.m; sourceTree = "<group>"; };
/* End PBXFileReference section */

/* Begin PBXFrameworksBuildPhase section */
		F75E12491C8927C1003C9A99 /* Frameworks */ = {
			isa = PBXFrameworksBuildPhase;
			buildActionMask = 2147483647;
			files = (
			);
			runOnlyForDeploymentPostprocessing = 0;
		};
/* End PBXFrameworksBuildPhase section */

/* Begin PBXGroup section */
		F75E12431C8927C1003C9A99 = {
			isa = PBXGroup;
			children = (
				F75E124E1C8927C1003C9A99 /* WMYPickerView */,
				F75E124D1C8927C1003C9A99 /* Products */,
			);
			sourceTree = "<group>";
		};
		F75E124D1C8927C1003C9A99 /* Products */ = {
			isa = PBXGroup;
			children = (
				F75E124C1C8927C1003C9A99 /* WMYPickerView.app */,
			);
			name = Products;
			sourceTree = "<group>";
		};
		F75E124E1C8927C1003C9A99 /* WMYPickerView */ = {
			isa = PBXGroup;
			children = (
				F75E12661C89281A003C9A99 /* WMYPickerView.h */,
				F75E12671C89281A003C9A99 /* WMYPickerView.m */,
				F75E12521C8927C1003C9A99 /* AppDelegate.h */,
				F75E12531C8927C1003C9A99 /* AppDelegate.m */,
				F75E12551C8927C1003C9A99 /* ViewController.h */,
				F75E12561C8927C1003C9A99 /* ViewController.m */,
				F75E12581C8927C1003C9A99 /* Main.storyboard */,
				F75E125B1C8927C1003C9A99 /* Assets.xcassets */,
				F75E125D1C8927C1003C9A99 /* LaunchScreen.storyboard */,
				F75E12601C8927C1003C9A99 /* Info.plist */,
				F75E124F1C8927C1003C9A99 /* Supporting Files */,
			);
			path = WMYPickerView;
			sourceTree = "<group>";
		};
		F75E124F1C8927C1003C9A99 /* Supporting Files */ = {
			isa = PBXGroup;
			children = (
				F75E12501C8927C1003C9A99 /* main.m */,
			);
			name = "Supporting Files";
			sourceTree = "<group>";
		};
/* End PBXGroup section */

/* Begin PBXNativeTarget section */
		F75E124B1C8927C1003C9A99 /* WMYPickerView */ = {
			isa = PBXNativeTarget;
			buildConfigurationList = F75E12631C8927C1003C9A99 /* Build configuration list for PBXNativeTarget "WMYPickerView" */;
			buildPhases = (
				F75E12481C8927C1003C9A99 /* Sources */,
				F75E12491C8927C1003C9A99 /* Frameworks */,
				F75E124A1C8927C1003C9A99 /* Resources */,
			);
			buildRules = (
			);
			dependencies = (
			);
			name = WMYPickerView;
			productName = WMYPickerView;
			productReference = F75E124C1C8927C1003C9A99 /* WMYPickerView.app */;
			productType = "com.apple.product-type.application";
		};
/* End PBXNativeTarget section */

/* Begin PBXProject section */
		F75E12441C8927C1003C9A99 /* Project object */ = {
			isa = PBXProject;
			attributes = {
				LastUpgradeCheck = 0720;
				ORGANIZATIONNAME = Wmy;
				TargetAttributes = {
					F75E124B1C8927C1003C9A99 = {
						CreatedOnToolsVersion = 7.2.1;
					};
				};
			};
			buildConfigurationList = F75E12471C8927C1003C9A99 /* Build configuration list for PBXProject "WMYPickerView" */;
			compatibilityVersion = "Xcode 3.2";
			developmentRegion = English;
			hasScannedForEncodings = 0;
			knownRegions = (
				en,
				Base,
			);
			mainGroup = F75E12431C8927C1003C9A99;
			productRefGroup = F75E124D1C8927C1003C9A99 /* Products */;
			projectDirPath = "";
			projectRoot = "";
			targets = (
				F75E124B1C8927C1003C9A99 /* WMYPickerView */,
			);
		};
/* End PBXProject section */

/* Begin PBXResourcesBuildPhase section */
		F75E124A1C8927C1003C9A99 /* Resources */ = {
			isa = PBXResourcesBuildPhase;
			buildActionMask = 2147483647;
			files = (
				F75E125F1C8927C1003C9A99 /* LaunchScreen.storyboard in Resources */,
				F75E125C1C8927C1003C9A99 /* Assets.xcassets in Resources */,
				F75E125A1C8927C1003C9A99 /* Main.storyboard in Resources */,
			);
			runOnlyForDeploymentPostprocessing = 0;
		};
/* End PBXResourcesBuildPhase section */

/* Begin PBXSourcesBuildPhase section */
		F75E12481C8927C1003C9A99 /* Sources */ = {
			isa = PBXSourcesBuildPhase;
			buildActionMask = 2147483647;
			files = (
				F75E12681C89281A003C9A99 /* WMYPickerView.m in Sources */,
				F75E12571C8927C1003C9A99 /* ViewController.m in Sources */,
				F75E12541C8927C1003C9A99 /* AppDelegate.m in Sources */,
				F75E12511C8927C1003C9A99 /* main.m in Sources */,
			);
			runOnlyForDeploymentPostprocessing = 0;
		};
/* End PBXSourcesBuildPhase section */

/* Begin PBXVariantGroup section */
		F75E12581C8927C1003C9A99 /* Main.storyboard */ = {
			isa = PBXVariantGroup;
			children = (
				F75E12591C8927C1003C9A99 /* Base */,
			);
			name = Main.storyboard;
			sourceTree = "<group>";
		};
		F75E125D1C8927C1003C9A99 /* LaunchScreen.storyboard */ = {
			isa = PBXVariantGroup;
			children = (
				F75E125E1C8927C1003C9A99 /* Base */,
			);
			name = LaunchScreen.storyboard;
			sourceTree = "<group>";
		};
/* End PBXVariantGroup section */

/* Begin XCBuildConfiguration section */
		F75E12611C8927C1003C9A99 /* Debug */ = {
			isa = XCBuildConfiguration;
			buildSettings = {
				ALWAYS_SEARCH_USER_PATHS = NO;
				CLANG_CXX_LANGUAGE_STANDARD = "gnu++0x";
				CLANG_CXX_LIBRARY = "libc++";
				CLANG_ENABLE_MODULES = YES;
				CLANG_ENABLE_OBJC_ARC = YES;
				CLANG_WARN_BOOL_CONVERSION = YES;
				CLANG_WARN_CONSTANT_CONVERSION = YES;
				CLANG_WARN_DIRECT_OBJC_ISA_USAGE = YES_ERROR;
				CLANG_WARN_EMPTY_BODY = YES;
				CLANG_WARN_ENUM_CONVERSION = YES;
				CLANG_WARN_INT_CONVERSION = YES;
				CLANG_WARN_OBJC_ROOT_CLASS = YES_ERROR;
				CLANG_WARN_UNREACHABLE_CODE = YES;
				CLANG_WARN__DUPLICATE_METHOD_MATCH = YES;
				"CODE_SIGN_IDENTITY[sdk=iphoneos*]" = "iPhone Developer";
				COPY_PHASE_STRIP = NO;
				DEBUG_INFORMATION_FORMAT = dwarf;
				ENABLE_STRICT_OBJC_MSGSEND = YES;
				ENABLE_TESTABILITY = YES;
				GCC_C_LANGUAGE_STANDARD = gnu99;
				GCC_DYNAMIC_NO_PIC = NO;
				GCC_NO_COMMON_BLOCKS = YES;
				GCC_OPTIMIZATION_LEVEL = 0;
				GCC_PREPROCESSOR_DEFINITIONS = (
					"DEBUG=1",
					"$(inherited)",
				);
				GCC_WARN_64_TO_32_BIT_CONVERSION = YES;
				GCC_WARN_ABOUT_RETURN_TYPE = YES_ERROR;
				GCC_WARN_UNDECLARED_SELECTOR = YES;
				GCC_WARN_UNINITIALIZED_AUTOS = YES_AGGRESSIVE;
				GCC_WARN_UNUSED_FUNCTION = YES;
				GCC_WARN_UNUSED_VARIABLE = YES;
				IPHONEOS_DEPLOYMENT_TARGET = 9.2;
				MTL_ENABLE_DEBUG_INFO = YES;
				ONLY_ACTIVE_ARCH = YES;
				SDKROOT = iphoneos;
				TARGETED_DEVICE_FAMILY = "1,2";
			};
			name = Debug;
		};
		F75E12621C8927C1003C9A99 /* Release */ = {
			isa = XCBuildConfiguration;
			buildSettings = {
				ALWAYS_SEARCH_USER_PATHS = NO;
				CLANG_CXX_LANGUAGE_STANDARD = "gnu++0x";
				CLANG_CXX_LIBRARY = "libc++";
				CLANG_ENABLE_MODULES = YES;
				CLANG_ENABLE_OBJC_ARC = YES;
				CLANG_WARN_BOOL_CONVERSION = YES;
				CLANG_WARN_CONSTANT_CONVERSION = YES;
				CLANG_WARN_DIRECT_OBJC_ISA_USAGE = YES_ERROR;
				CLANG_WARN_EMPTY_BODY = YES;
				CLANG_WARN_ENUM_CONVERSION = YES;
				CLANG_WARN_INT_CONVERSION = YES;
				CLANG_WARN_OBJC_ROOT_CLASS = YES_ERROR;
				CLANG_WARN_UNREACHABLE_CODE = YES;
				CLANG_WARN__DUPLICATE_METHOD_MATCH = YES;
				"CODE_SIGN_IDENTITY[sdk=iphoneos*]" = "iPhone Developer";
				COPY_PHASE_STRIP = NO;
				DEBUG_INFORMATION_FORMAT = "dwarf-with-dsym";
				ENABLE_NS_ASSERTIONS = NO;
				ENABLE_STRICT_OBJC_MSGSEND = YES;
				GCC_C_LANGUAGE_STANDARD = gnu99;
				GCC_NO_COMMON_BLOCKS = YES;
				GCC_WARN_64_TO_32_BIT_CONVERSION = YES;
				GCC_WARN_ABOUT_RETURN_TYPE = YES_ERROR;
				GCC_WARN_UNDECLARED_SELECTOR = YES;
				GCC_WARN_UNINITIALIZED_AUTOS = YES_AGGRESSIVE;
				GCC_WARN_UNUSED_FUNCTION = YES;
				GCC_WARN_UNUSED_VARIABLE = YES;
				IPHONEOS_DEPLOYMENT_TARGET = 9.2;
				MTL_ENABLE_DEBUG_INFO = NO;
				SDKROOT = iphoneos;
				TARGETED_DEVICE_FAMILY = "1,2";
				VALIDATE_PRODUCT = YES;
			};
			name = Release;
		};
		F75E12641C8927C1003C9A99 /* Debug */ = {
			isa = XCBuildConfiguration;
			buildSettings = {
				ASSETCATALOG_COMPILER_APPICON_NAME = AppIcon;
				INFOPLIST_FILE = WMYPickerView/Info.plist;
				LD_RUNPATH_SEARCH_PATHS = "$(inherited) @executable_path/Frameworks";
				PRODUCT_BUNDLE_IDENTIFIER = Wmy.WMYPickerView;
				PRODUCT_NAME = "$(TARGET_NAME)";
			};
			name = Debug;
		};
		F75E12651C8927C1003C9A99 /* Release */ = {
			isa = XCBuildConfiguration;
			buildSettings = {
				ASSETCATALOG_COMPILER_APPICON_NAME = AppIcon;
				INFOPLIST_FILE = WMYPickerView/Info.plist;
				LD_RUNPATH_SEARCH_PATHS = "$(inherited) @executable_path/Frameworks";
				PRODUCT_BUNDLE_IDENTIFIER = Wmy.WMYPickerView;
				PRODUCT_NAME = "$(TARGET_NAME)";
			};
			name = Release;
		};
/* End XCBuildConfiguration section */

/* Begin XCConfigurationList section */
		F75E12471C8927C1003C9A99 /* Build configuration list for PBXProject "WMYPickerView" */ = {
			isa = XCConfigurationList;
			buildConfigurations = (
				F75E12611C8927C1003C9A99 /* Debug */,
				F75E12621C8927C1003C9A99 /* Release */,
			);
			defaultConfigurationIsVisible = 0;
			defaultConfigurationName = Release;
		};
		F75E12631C8927C1003C9A99 /* Build configuration list for PBXNativeTarget "WMYPickerView" */ = {
			isa = XCConfigurationList;
			buildConfigurations = (
				F75E12641C8927C1003C9A99 /* Debug */,
				F75E12651C8927C1003C9A99 /* Release */,
			);
			defaultConfigurationIsVisible = 0;
		};
/* End XCConfigurationList section */
	};
	rootObject = F75E12441C8927C1003C9A99 /* Project object */;
}
